// !$*UTF8*$!
{
	archiveVersion = 1;
	classes = {
	};
	objectVersion = 50;
	objects = {

/* Begin PBXBuildFile section */
		6E3CE94426126370005485E3 /* TestArrayApp.swift in Sources */ = {isa = PBXBuildFile; fileRef = 6E3CE94326126370005485E3 /* TestArrayApp.swift */; };
		6E3CE94626126370005485E3 /* ContentView.swift in Sources */ = {isa = PBXBuildFile; fileRef = 6E3CE94526126370005485E3 /* ContentView.swift */; };
		6E3CE94826126371005485E3 /* Assets.xcassets in Resources */ = {isa = PBXBuildFile; fileRef = 6E3CE94726126371005485E3 /* Assets.xcassets */; };
		6E3CE94B26126371005485E3 /* Preview Assets.xcassets in Resources */ = {isa = PBXBuildFile; fileRef = 6E3CE94A26126371005485E3 /* Preview Assets.xcassets */; };
		6E3CE95626126371005485E3 /* TestArrayTests.swift in Sources */ = {isa = PBXBuildFile; fileRef = 6E3CE95526126371005485E3 /* TestArrayTests.swift */; };
		6E3CE96126126371005485E3 /* TestArrayUITests.swift in Sources */ = {isa = PBXBuildFile; fileRef = 6E3CE96026126371005485E3 /* TestArrayUITests.swift */; };
/* End PBXBuildFile section */

/* Begin PBXContainerItemProxy section */
		6E3CE95226126371005485E3 /* PBXContainerItemProxy */ = {
			isa = PBXContainerItemProxy;
			containerPortal = 6E3CE93826126370005485E3 /* Project object */;
			proxyType = 1;
			remoteGlobalIDString = 6E3CE93F26126370005485E3;
			remoteInfo = TestArray;
		};
		6E3CE95D26126371005485E3 /* PBXContainerItemProxy */ = {
			isa = PBXContainerItemProxy;
			containerPortal = 6E3CE93826126370005485E3 /* Project object */;
			proxyType = 1;
			remoteGlobalIDString = 6E3CE93F26126370005485E3;
			remoteInfo = TestArray;
		};
/* End PBXContainerItemProxy section */

/* Begin PBXFileReference section */
		6E3CE94026126370005485E3 /* TestArray.app */ = {isa = PBXFileReference; explicitFileType = wrapper.application; includeInIndex = 0; path = TestArray.app; sourceTree = BUILT_PRODUCTS_DIR; };
		6E3CE94326126370005485E3 /* TestArrayApp.swift */ = {isa = PBXFileReference; lastKnownFileType = sourcecode.swift; path = TestArrayApp.swift; sourceTree = "<group>"; };
		6E3CE94526126370005485E3 /* ContentView.swift */ = {isa = PBXFileReference; lastKnownFileType = sourcecode.swift; path = ContentView.swift; sourceTree = "<group>"; };
		6E3CE94726126371005485E3 /* Assets.xcassets */ = {isa = PBXFileReference; lastKnownFileType = folder.assetcatalog; path = Assets.xcassets; sourceTree = "<group>"; };
		6E3CE94A26126371005485E3 /* Preview Assets.xcassets */ = {isa = PBXFileReference; lastKnownFileType = folder.assetcatalog; path = "Preview Assets.xcassets"; sourceTree = "<group>"; };
		6E3CE94C26126371005485E3 /* Info.plist */ = {isa = PBXFileReference; lastKnownFileType = text.plist.xml; path = Info.plist; sourceTree = "<group>"; };
		6E3CE95126126371005485E3 /* TestArrayTests.xctest */ = {isa = PBXFileReference; explicitFileType = wrapper.cfbundle; includeInIndex = 0; path = TestArrayTests.xctest; sourceTree = BUILT_PRODUCTS_DIR; };
		6E3CE95526126371005485E3 /* TestArrayTests.swift */ = {isa = PBXFileReference; lastKnownFileType = sourcecode.swift; path = TestArrayTests.swift; sourceTree = "<group>"; };
		6E3CE95726126371005485E3 /* Info.plist */ = {isa = PBXFileReference; lastKnownFileType = text.plist.xml; path = Info.plist; sourceTree = "<group>"; };
		6E3CE95C26126371005485E3 /* TestArrayUITests.xctest */ = {isa = PBXFileReference; explicitFileType = wrapper.cfbundle; includeInIndex = 0; path = TestArrayUITests.xctest; sourceTree = BUILT_PRODUCTS_DIR; };
		6E3CE96026126371005485E3 /* TestArrayUITests.swift */ = {isa = PBXFileReference; lastKnownFileType = sourcecode.swift; path = TestArrayUITests.swift; sourceTree = "<group>"; };
		6E3CE96226126371005485E3 /* Info.plist */ = {isa = PBXFileReference; lastKnownFileType = text.plist.xml; path = Info.plist; sourceTree = "<group>"; };
/* End PBXFileReference section */

/* Begin PBXFrameworksBuildPhase section */
		6E3CE93D26126370005485E3 /* Frameworks */ = {
			isa = PBXFrameworksBuildPhase;
			buildActionMask = 2147483647;
			files = (
			);
			runOnlyForDeploymentPostprocessing = 0;
		};
		6E3CE94E26126371005485E3 /* Frameworks */ = {
			isa = PBXFrameworksBuildPhase;
			buildActionMask = 2147483647;
			files = (
			);
			runOnlyForDeploymentPostprocessing = 0;
		};
		6E3CE95926126371005485E3 /* Frameworks */ = {
			isa = PBXFrameworksBuildPhase;
			buildActionMask = 2147483647;
			files = (
			);
			runOnlyForDeploymentPostprocessing = 0;
		};
/* End PBXFrameworksBuildPhase section */

/* Begin PBXGroup section */
		6E3CE93726126370005485E3 = {
			isa = PBXGroup;
			children = (
				6E3CE94226126370005485E3 /* TestArray */,
				6E3CE95426126371005485E3 /* TestArrayTests */,
				6E3CE95F26126371005485E3 /* TestArrayUITests */,
				6E3CE94126126370005485E3 /* Products */,
			);
			sourceTree = "<group>";
		};
		6E3CE94126126370005485E3 /* Products */ = {
			isa = PBXGroup;
			children = (
				6E3CE94026126370005485E3 /* TestArray.app */,
				6E3CE95126126371005485E3 /* TestArrayTests.xctest */,
				6E3CE95C26126371005485E3 /* TestArrayUITests.xctest */,
			);
			name = Products;
			sourceTree = "<group>";
		};
		6E3CE94226126370005485E3 /* TestArray */ = {
			isa = PBXGroup;
			children = (
				6E3CE94326126370005485E3 /* TestArrayApp.swift */,
				6E3CE94526126370005485E3 /* ContentView.swift */,
				6E3CE94726126371005485E3 /* Assets.xcassets */,
				6E3CE94C26126371005485E3 /* Info.plist */,
				6E3CE94926126371005485E3 /* Preview Content */,
			);
			path = TestArray;
			sourceTree = "<group>";
		};
		6E3CE94926126371005485E3 /* Preview Content */ = {
			isa = PBXGroup;
			children = (
				6E3CE94A26126371005485E3 /* Preview Assets.xcassets */,
			);
			path = "Preview Content";
			sourceTree = "<group>";
		};
		6E3CE95426126371005485E3 /* TestArrayTests */ = {
			isa = PBXGroup;
			children = (
				6E3CE95526126371005485E3 /* TestArrayTests.swift */,
				6E3CE95726126371005485E3 /* Info.plist */,
			);
			path = TestArrayTests;
			sourceTree = "<group>";
		};
		6E3CE95F26126371005485E3 /* TestArrayUITests */ = {
			isa = PBXGroup;
			children = (
				6E3CE96026126371005485E3 /* TestArrayUITests.swift */,
				6E3CE96226126371005485E3 /* Info.plist */,
			);
			path = TestArrayUITests;
			sourceTree = "<group>";
		};
/* End PBXGroup section */

/* Begin PBXNativeTarget section */
		6E3CE93F26126370005485E3 /* TestArray */ = {
			isa = PBXNativeTarget;
			buildConfigurationList = 6E3CE96526126371005485E3 /* Build configuration list for PBXNativeTarget "TestArray" */;
			buildPhases = (
				6E3CE93C26126370005485E3 /* Sources */,
				6E3CE93D26126370005485E3 /* Frameworks */,
				6E3CE93E26126370005485E3 /* Resources */,
			);
			buildRules = (
			);
			dependencies = (
			);
			name = TestArray;
			productName = TestArray;
			productReference = 6E3CE94026126370005485E3 /* TestArray.app */;
			productType = "com.apple.product-type.application";
		};
		6E3CE95026126371005485E3 /* TestArrayTests */ = {
			isa = PBXNativeTarget;
			buildConfigurationList = 6E3CE96826126371005485E3 /* Build configuration list for PBXNativeTarget "TestArrayTests" */;
			buildPhases = (
				6E3CE94D26126371005485E3 /* Sources */,
				6E3CE94E26126371005485E3 /* Frameworks */,
				6E3CE94F26126371005485E3 /* Resources */,
			);
			buildRules = (
			);
			dependencies = (
				6E3CE95326126371005485E3 /* PBXTargetDependency */,
			);
			name = TestArrayTests;
			productName = TestArrayTests;
			productReference = 6E3CE95126126371005485E3 /* TestArrayTests.xctest */;
			productType = "com.apple.product-type.bundle.unit-test";
		};
		6E3CE95B26126371005485E3 /* TestArrayUITests */ = {
			isa = PBXNativeTarget;
			buildConfigurationList = 6E3CE96B26126371005485E3 /* Build configuration list for PBXNativeTarget "TestArrayUITests" */;
			buildPhases = (
				6E3CE95826126371005485E3 /* Sources */,
				6E3CE95926126371005485E3 /* Frameworks */,
				6E3CE95A26126371005485E3 /* Resources */,
			);
			buildRules = (
			);
			dependencies = (
				6E3CE95E26126371005485E3 /* PBXTargetDependency */,
			);
			name = TestArrayUITests;
			productName = TestArrayUITests;
			productReference = 6E3CE95C26126371005485E3 /* TestArrayUITests.xctest */;
			productType = "com.apple.product-type.bundle.ui-testing";
		};
/* End PBXNativeTarget section */

/* Begin PBXProject section */
		6E3CE93826126370005485E3 /* Project object */ = {
			isa = PBXProject;
			attributes = {
				LastSwiftUpdateCheck = 1240;
				LastUpgradeCheck = 1240;
				TargetAttributes = {
					6E3CE93F26126370005485E3 = {
						CreatedOnToolsVersion = 12.4;
					};
					6E3CE95026126371005485E3 = {
						CreatedOnToolsVersion = 12.4;
						TestTargetID = 6E3CE93F26126370005485E3;
					};
					6E3CE95B26126371005485E3 = {
						CreatedOnToolsVersion = 12.4;
						TestTargetID = 6E3CE93F26126370005485E3;
					};
				};
			};
			buildConfigurationList = 6E3CE93B26126370005485E3 /* Build configuration list for PBXProject "TestArray" */;
			compatibilityVersion = "Xcode 9.3";
			developmentRegion = en;
			hasScannedForEncodings = 0;
			knownRegions = (
				en,
				Base,
			);
			mainGroup = 6E3CE93726126370005485E3;
			productRefGroup = 6E3CE94126126370005485E3 /* Products */;
			projectDirPath = "";
			projectRoot = "";
			targets = (
				6E3CE93F26126370005485E3 /* TestArray */,
				6E3CE95026126371005485E3 /* TestArrayTests */,
				6E3CE95B26126371005485E3 /* TestArrayUITests */,
			);
		};
/* End PBXProject section */

/* Begin PBXResourcesBuildPhase section */
		6E3CE93E26126370005485E3 /* Resources */ = {
			isa = PBXResourcesBuildPhase;
			buildActionMask = 2147483647;
			files = (
				6E3CE94B26126371005485E3 /* Preview Assets.xcassets in Resources */,
				6E3CE94826126371005485E3 /* Assets.xcassets in Resources */,
			);
			runOnlyForDeploymentPostprocessing = 0;
		};
		6E3CE94F26126371005485E3 /* Resources */ = {
			isa = PBXResourcesBuildPhase;
			buildActionMask = 2147483647;
			files = (
			);
			runOnlyForDeploymentPostprocessing = 0;
		};
		6E3CE95A26126371005485E3 /* Resources */ = {
			isa = PBXResourcesBuildPhase;
			buildActionMask = 2147483647;
			files = (
			);
			runOnlyForDeploymentPostprocessing = 0;
		};
/* End PBXResourcesBuildPhase section */

/* Begin PBXSourcesBuildPhase section */
		6E3CE93C26126370005485E3 /* Sources */ = {
			isa = PBXSourcesBuildPhase;
			buildActionMask = 2147483647;
			files = (
				6E3CE94626126370005485E3 /* ContentView.swift in Sources */,
				6E3CE94426126370005485E3 /* TestArrayApp.swift in Sources */,
			);
			runOnlyForDeploymentPostprocessing = 0;
		};
		6E3CE94D26126371005485E3 /* Sources */ = {
			isa = PBXSourcesBuildPhase;
			buildActionMask = 2147483647;
			files = (
				6E3CE95626126371005485E3 /* TestArrayTests.swift in Sources */,
			);
			runOnlyForDeploymentPostprocessing = 0;
		};
		6E3CE95826126371005485E3 /* Sources */ = {
			isa = PBXSourcesBuildPhase;
			buildActionMask = 2147483647;
			files = (
				6E3CE96126126371005485E3 /* TestArrayUITests.swift in Sources */,
			);
			runOnlyForDeploymentPostprocessing = 0;
		};
/* End PBXSourcesBuildPhase section */

/* Begin PBXTargetDependency section */
		6E3CE95326126371005485E3 /* PBXTargetDependency */ = {
			isa = PBXTargetDependency;
			target = 6E3CE93F26126370005485E3 /* TestArray */;
			targetProxy = 6E3CE95226126371005485E3 /* PBXContainerItemProxy */;
		};
		6E3CE95E26126371005485E3 /* PBXTargetDependency */ = {
			isa = PBXTargetDependency;
			target = 6E3CE93F26126370005485E3 /* TestArray */;
			targetProxy = 6E3CE95D26126371005485E3 /* PBXContainerItemProxy */;
		};
/* End PBXTargetDependency section */

/* Begin XCBuildConfiguration section */
		6E3CE96326126371005485E3 /* Debug */ = {
			isa = XCBuildConfiguration;
			buildSettings = {
				ALWAYS_SEARCH_USER_PATHS = NO;
				CLANG_ANALYZER_NONNULL = YES;
				CLANG_ANALYZER_NUMBER_OBJECT_CONVERSION = YES_AGGRESSIVE;
				CLANG_CXX_LANGUAGE_STANDARD = "gnu++14";
				CLANG_CXX_LIBRARY = "libc++";
				CLANG_ENABLE_MODULES = YES;
				CLANG_ENABLE_OBJC_ARC = YES;
				CLANG_ENABLE_OBJC_WEAK = YES;
				CLANG_WARN_BLOCK_CAPTURE_AUTORELEASING = YES;
				CLANG_WARN_BOOL_CONVERSION = YES;
				CLANG_WARN_COMMA = YES;
				CLANG_WARN_CONSTANT_CONVERSION = YES;
				CLANG_WARN_DEPRECATED_OBJC_IMPLEMENTATIONS = YES;
				CLANG_WARN_DIRECT_OBJC_ISA_USAGE = YES_ERROR;
				CLANG_WARN_DOCUMENTATION_COMMENTS = YES;
				CLANG_WARN_EMPTY_BODY = YES;
				CLANG_WARN_ENUM_CONVERSION = YES;
				CLANG_WARN_INFINITE_RECURSION = YES;
				CLANG_WARN_INT_CONVERSION = YES;
				CLANG_WARN_NON_LITERAL_NULL_CONVERSION = YES;
				CLANG_WARN_OBJC_IMPLICIT_RETAIN_SELF = YES;
				CLANG_WARN_OBJC_LITERAL_CONVERSION = YES;
				CLANG_WARN_OBJC_ROOT_CLASS = YES_ERROR;
				CLANG_WARN_QUOTED_INCLUDE_IN_FRAMEWORK_HEADER = YES;
				CLANG_WARN_RANGE_LOOP_ANALYSIS = YES;
				CLANG_WARN_STRICT_PROTOTYPES = YES;
				CLANG_WARN_SUSPICIOUS_MOVE = YES;
				CLANG_WARN_UNGUARDED_AVAILABILITY = YES_AGGRESSIVE;
				CLANG_WARN_UNREACHABLE_CODE = YES;
				CLANG_WARN__DUPLICATE_METHOD_MATCH = YES;
				COPY_PHASE_STRIP = NO;
				DEBUG_INFORMATION_FORMAT = dwarf;
				ENABLE_STRICT_OBJC_MSGSEND = YES;
				ENABLE_TESTABILITY = YES;
				GCC_C_LANGUAGE_STANDARD = gnu11;
				GCC_DYNAMIC_NO_PIC = NO;
				GCC_NO_COMMON_BLOCKS = YES;
				GCC_OPTIMIZATION_LEVEL = 0;
				GCC_PREPROCESSOR_DEFINITIONS = (
					"DEBUG=1",
					"$(inherited)",
				);
				GCC_WARN_64_TO_32_BIT_CONVERSION = YES;
				GCC_WARN_ABOUT_RETURN_TYPE = YES_ERROR;
				GCC_WARN_UNDECLARED_SELECTOR = YES;
				GCC_WARN_UNINITIALIZED_AUTOS = YES_AGGRESSIVE;
				GCC_WARN_UNUSED_FUNCTION = YES;
				GCC_WARN_UNUSED_VARIABLE = YES;
				IPHONEOS_DEPLOYMENT_TARGET = 14.4;
				MTL_ENABLE_DEBUG_INFO = INCLUDE_SOURCE;
				MTL_FAST_MATH = YES;
				ONLY_ACTIVE_ARCH = YES;
				SDKROOT = iphoneos;
				SWIFT_ACTIVE_COMPILATION_CONDITIONS = DEBUG;
				SWIFT_OPTIMIZATION_LEVEL = "-Onone";
			};
			name = Debug;
		};
		6E3CE96426126371005485E3 /* Release */ = {
			isa = XCBuildConfiguration;
			buildSettings = {
				ALWAYS_SEARCH_USER_PATHS = NO;
				CLANG_ANALYZER_NONNULL = YES;
				CLANG_ANALYZER_NUMBER_OBJECT_CONVERSION = YES_AGGRESSIVE;
				CLANG_CXX_LANGUAGE_STANDARD = "gnu++14";
				CLANG_CXX_LIBRARY = "libc++";
				CLANG_ENABLE_MODULES = YES;
				CLANG_ENABLE_OBJC_ARC = YES;
				CLANG_ENABLE_OBJC_WEAK = YES;
				CLANG_WARN_BLOCK_CAPTURE_AUTORELEASING = YES;
				CLANG_WARN_BOOL_CONVERSION = YES;
				CLANG_WARN_COMMA = YES;
				CLANG_WARN_CONSTANT_CONVERSION = YES;
				CLANG_WARN_DEPRECATED_OBJC_IMPLEMENTATIONS = YES;
				CLANG_WARN_DIRECT_OBJC_ISA_USAGE = YES_ERROR;
				CLANG_WARN_DOCUMENTATION_COMMENTS = YES;
				CLANG_WARN_EMPTY_BODY = YES;
				CLANG_WARN_ENUM_CONVERSION = YES;
				CLANG_WARN_INFINITE_RECURSION = YES;
				CLANG_WARN_INT_CONVERSION = YES;
				CLANG_WARN_NON_LITERAL_NULL_CONVERSION = YES;
				CLANG_WARN_OBJC_IMPLICIT_RETAIN_SELF = YES;
				CLANG_WARN_OBJC_LITERAL_CONVERSION = YES;
				CLANG_WARN_OBJC_ROOT_CLASS = YES_ERROR;
				CLANG_WARN_QUOTED_INCLUDE_IN_FRAMEWORK_HEADER = YES;
				CLANG_WARN_RANGE_LOOP_ANALYSIS = YES;
				CLANG_WARN_STRICT_PROTOTYPES = YES;
				CLANG_WARN_SUSPICIOUS_MOVE = YES;
				CLANG_WARN_UNGUARDED_AVAILABILITY = YES_AGGRESSIVE;
				CLANG_WARN_UNREACHABLE_CODE = YES;
				CLANG_WARN__DUPLICATE_METHOD_MATCH = YES;
				COPY_PHASE_STRIP = NO;
				DEBUG_INFORMATION_FORMAT = "dwarf-with-dsym";
				ENABLE_NS_ASSERTIONS = NO;
				ENABLE_STRICT_OBJC_MSGSEND = YES;
				GCC_C_LANGUAGE_STANDARD = gnu11;
				GCC_NO_COMMON_BLOCKS = YES;
				GCC_WARN_64_TO_32_BIT_CONVERSION = YES;
				GCC_WARN_ABOUT_RETURN_TYPE = YES_ERROR;
				GCC_WARN_UNDECLARED_SELECTOR = YES;
				GCC_WARN_UNINITIALIZED_AUTOS = YES_AGGRESSIVE;
				GCC_WARN_UNUSED_FUNCTION = YES;
				GCC_WARN_UNUSED_VARIABLE = YES;
				IPHONEOS_DEPLOYMENT_TARGET = 14.4;
				MTL_ENABLE_DEBUG_INFO = NO;
				MTL_FAST_MATH = YES;
				SDKROOT = iphoneos;
				SWIFT_COMPILATION_MODE = wholemodule;
				SWIFT_OPTIMIZATION_LEVEL = "-O";
				VALIDATE_PRODUCT = YES;
			};
			name = Release;
		};
		6E3CE96626126371005485E3 /* Debug */ = {
			isa = XCBuildConfiguration;
			buildSettings = {
				ASSETCATALOG_COMPILER_APPICON_NAME = AppIcon;
				ASSETCATALOG_COMPILER_GLOBAL_ACCENT_COLOR_NAME = AccentColor;
				CODE_SIGN_STYLE = Automatic;
				DEVELOPMENT_ASSET_PATHS = "\"TestArray/Preview Content\"";
				ENABLE_PREVIEWS = YES;
				INFOPLIST_FILE = TestArray/Info.plist;
				IPHONEOS_DEPLOYMENT_TARGET = 14.0;
				LD_RUNPATH_SEARCH_PATHS = (
					"$(inherited)",
					"@executable_path/Frameworks",
				);
				PRODUCT_BUNDLE_IDENTIFIER = com.Grimbear.TestArray;
				PRODUCT_NAME = "$(TARGET_NAME)";
				SWIFT_VERSION = 5.0;
				TARGETED_DEVICE_FAMILY = "1,2";
			};
			name = Debug;
		};
		6E3CE96726126371005485E3 /* Release */ = {
			isa = XCBuildConfiguration;
			buildSettings = {
				ASSETCATALOG_COMPILER_APPICON_NAME = AppIcon;
				ASSETCATALOG_COMPILER_GLOBAL_ACCENT_COLOR_NAME = AccentColor;
				CODE_SIGN_STYLE = Automatic;
				DEVELOPMENT_ASSET_PATHS = "\"TestArray/Preview Content\"";
				ENABLE_PREVIEWS = YES;
				INFOPLIST_FILE = TestArray/Info.plist;
				IPHONEOS_DEPLOYMENT_TARGET = 14.0;
				LD_RUNPATH_SEARCH_PATHS = (
					"$(inherited)",
					"@executable_path/Frameworks",
				);
				PRODUCT_BUNDLE_IDENTIFIER = com.Grimbear.TestArray;
				PRODUCT_NAME = "$(TARGET_NAME)";
				SWIFT_VERSION = 5.0;
				TARGETED_DEVICE_FAMILY = "1,2";
			};
			name = Release;
		};
		6E3CE96926126371005485E3 /* Debug */ = {
			isa = XCBuildConfiguration;
			buildSettings = {
				ALWAYS_EMBED_SWIFT_STANDARD_LIBRARIES = YES;
				BUNDLE_LOADER = "$(TEST_HOST)";
				CODE_SIGN_STYLE = Automatic;
				INFOPLIST_FILE = TestArrayTests/Info.plist;
				IPHONEOS_DEPLOYMENT_TARGET = 14.0;
				LD_RUNPATH_SEARCH_PATHS = (
					"$(inherited)",
					"@executable_path/Frameworks",
					"@loader_path/Frameworks",
				);
				PRODUCT_BUNDLE_IDENTIFIER = com.Grimbear.TestArrayTests;
				PRODUCT_NAME = "$(TARGET_NAME)";
				SWIFT_VERSION = 5.0;
				TARGETED_DEVICE_FAMILY = "1,2";
				TEST_HOST = "$(BUILT_PRODUCTS_DIR)/TestArray.app/TestArray";
			};
			name = Debug;
		};
		6E3CE96A26126371005485E3 /* Release */ = {
			isa = XCBuildConfiguration;
			buildSettings = {
				ALWAYS_EMBED_SWIFT_STANDARD_LIBRARIES = YES;
				BUNDLE_LOADER = "$(TEST_HOST)";
				CODE_SIGN_STYLE = Automatic;
				INFOPLIST_FILE = TestArrayTests/Info.plist;
				IPHONEOS_DEPLOYMENT_TARGET = 14.0;
				LD_RUNPATH_SEARCH_PATHS = (
					"$(inherited)",
					"@executable_path/Frameworks",
					"@loader_path/Frameworks",
				);
				PRODUCT_BUNDLE_IDENTIFIER = com.Grimbear.TestArrayTests;
				PRODUCT_NAME = "$(TARGET_NAME)";
				SWIFT_VERSION = 5.0;
				TARGETED_DEVICE_FAMILY = "1,2";
				TEST_HOST = "$(BUILT_PRODUCTS_DIR)/TestArray.app/TestArray";
			};
			name = Release;
		};
		6E3CE96C26126371005485E3 /* Debug */ = {
			isa = XCBuildConfiguration;
			buildSettings = {
				ALWAYS_EMBED_SWIFT_STANDARD_LIBRARIES = YES;
				CODE_SIGN_STYLE = Automatic;
				INFOPLIST_FILE = TestArrayUITests/Info.plist;
				LD_RUNPATH_SEARCH_PATHS = (
					"$(inherited)",
					"@executable_path/Frameworks",
					"@loader_path/Frameworks",
				);
				PRODUCT_BUNDLE_IDENTIFIER = com.Grimbear.TestArrayUITests;
				PRODUCT_NAME = "$(TARGET_NAME)";
				SWIFT_VERSION = 5.0;
				TARGETED_DEVICE_FAMILY = "1,2";
				TEST_TARGET_NAME = TestArray;
			};
			name = Debug;
		};
		6E3CE96D26126371005485E3 /* Release */ = {
			isa = XCBuildConfiguration;
			buildSettings = {
				ALWAYS_EMBED_SWIFT_STANDARD_LIBRARIES = YES;
				CODE_SIGN_STYLE = Automatic;
				INFOPLIST_FILE = TestArrayUITests/Info.plist;
				LD_RUNPATH_SEARCH_PATHS = (
					"$(inherited)",
					"@executable_path/Frameworks",
					"@loader_path/Frameworks",
				);
				PRODUCT_BUNDLE_IDENTIFIER = com.Grimbear.TestArrayUITests;
				PRODUCT_NAME = "$(TARGET_NAME)";
				SWIFT_VERSION = 5.0;
				TARGETED_DEVICE_FAMILY = "1,2";
				TEST_TARGET_NAME = TestArray;
			};
			name = Release;
		};
/* End XCBuildConfiguration section */

/* Begin XCConfigurationList section */
		6E3CE93B26126370005485E3 /* Build configuration list for PBXProject "TestArray" */ = {
			isa = XCConfigurationList;
			buildConfigurations = (
				6E3CE96326126371005485E3 /* Debug */,
				6E3CE96426126371005485E3 /* Release */,
			);
			defaultConfigurationIsVisible = 0;
			defaultConfigurationName = Release;
		};
		6E3CE96526126371005485E3 /* Build configuration list for PBXNativeTarget "TestArray" */ = {
			isa = XCConfigurationList;
			buildConfigurations = (
				6E3CE96626126371005485E3 /* Debug */,
				6E3CE96726126371005485E3 /* Release */,
			);
			defaultConfigurationIsVisible = 0;
			defaultConfigurationName = Release;
		};
		6E3CE96826126371005485E3 /* Build configuration list for PBXNativeTarget "TestArrayTests" */ = {
			isa = XCConfigurationList;
			buildConfigurations = (
				6E3CE96926126371005485E3 /* Debug */,
				6E3CE96A26126371005485E3 /* Release */,
			);
			defaultConfigurationIsVisible = 0;
			defaultConfigurationName = Release;
		};
		6E3CE96B26126371005485E3 /* Build configuration list for PBXNativeTarget "TestArrayUITests" */ = {
			isa = XCConfigurationList;
			buildConfigurations = (
				6E3CE96C26126371005485E3 /* Debug */,
				6E3CE96D26126371005485E3 /* Release */,
			);
			defaultConfigurationIsVisible = 0;
			defaultConfigurationName = Release;
		};
/* End XCConfigurationList section */
	};
	rootObject = 6E3CE93826126370005485E3 /* Project object */;
}
